{
  "pins" : [
    {
      "identity" : "editabletext",
      "kind" : "remoteSourceControl",
      "location" : "https://github.com/josephlevy222/EditableText.git",
      "state" : {
        "branch" : "test",
        "revision" : "cb62b320d030d343019c3636e7492f60f36d5bd8"
      }
    }
  ],
  "version" : 2
}
